
Microsoft Visual Studio Solution File, Format Version 12.00
# Visual Studio Version 17
VisualStudioVersion = 17.0.32112.339
MinimumVisualStudioVersion = 10.0.40219.1
Project("{FAE04EC0-301F-11D3-BF4B-00C04F79EFBC}") = "Infection SCP-939", "Infection SCP-939.csproj", "{176C5862-A44A-4249-ADBE-C9FEC42D37B8}"
EndProject
Global
	GlobalSection(SolutionConfigurationPlatforms) = preSolution
		Debug|Any CPU = Debug|Any CPU
		Release|Any CPU = Release|Any CPU
	EndGlobalSection
	GlobalSection(ProjectConfigurationPlatforms) = postSolution
		{176C5862-A44A-4249-ADBE-C9FEC42D37B8}.Debug|Any CPU.ActiveCfg = Debug|Any CPU
		{176C5862-A44A-4249-ADBE-C9FEC42D37B8}.Debug|Any CPU.Build.0 = Debug|Any CPU
		{176C5862-A44A-4249-ADBE-C9FEC42D37B8}.Release|Any CPU.ActiveCfg = Release|Any CPU
		{176C5862-A44A-4249-ADBE-C9FEC42D37B8}.Release|Any CPU.Build.0 = Release|Any CPU
	EndGlobalSection
	GlobalSection(SolutionProperties) = preSolution
		HideSolutionNode = FALSE
	EndGlobalSection
	GlobalSection(ExtensibilityGlobals) = postSolution
		SolutionGuid = {AE19E225-955A-4C3F-8D72-23929E35567F}
	EndGlobalSection
EndGlobal
